
Microsoft Visual Studio Solution File, Format Version 12.00
# Visual Studio Version 16
VisualStudioVersion = 16.0.30611.23
MinimumVisualStudioVersion = 10.0.40219.1
Project("{8BC9CEB8-8B4A-11D0-8D11-00A0C91BC942}") = "std9con", "std9con\std9con.vcxproj", "{0BAFE85D-EBA1-4025-8891-CDCBA1E0A38B}"
EndProject
Project("{8BC9CEB8-8B4A-11D0-8D11-00A0C91BC942}") = "std9svr", "std9svr\std9svr.vcxproj", "{4A3605DE-CB9E-483E-8535-C2FD66B3AFCD}"
EndProject
Global
	GlobalSection(SolutionConfigurationPlatforms) = preSolution
		Debug|x64 = Debug|x64
		Debug|x86 = Debug|x86
		Release|x64 = Release|x64
		Release|x86 = Release|x86
	EndGlobalSection
	GlobalSection(ProjectConfigurationPlatforms) = postSolution
		{0BAFE85D-EBA1-4025-8891-CDCBA1E0A38B}.Debug|x64.ActiveCfg = Debug|x64
		{0BAFE85D-EBA1-4025-8891-CDCBA1E0A38B}.Debug|x64.Build.0 = Debug|x64
		{0BAFE85D-EBA1-4025-8891-CDCBA1E0A38B}.Debug|x86.ActiveCfg = Debug|Win32
		{0BAFE85D-EBA1-4025-8891-CDCBA1E0A38B}.Debug|x86.Build.0 = Debug|Win32
		{0BAFE85D-EBA1-4025-8891-CDCBA1E0A38B}.Release|x64.ActiveCfg = Release|x64
		{0BAFE85D-EBA1-4025-8891-CDCBA1E0A38B}.Release|x64.Build.0 = Release|x64
		{0BAFE85D-EBA1-4025-8891-CDCBA1E0A38B}.Release|x86.ActiveCfg = Release|Win32
		{0BAFE85D-EBA1-4025-8891-CDCBA1E0A38B}.Release|x86.Build.0 = Release|Win32
		{4A3605DE-CB9E-483E-8535-C2FD66B3AFCD}.Debug|x64.ActiveCfg = Debug|x64
		{4A3605DE-CB9E-483E-8535-C2FD66B3AFCD}.Debug|x64.Build.0 = Debug|x64
		{4A3605DE-CB9E-483E-8535-C2FD66B3AFCD}.Debug|x86.ActiveCfg = Debug|Win32
		{4A3605DE-CB9E-483E-8535-C2FD66B3AFCD}.Debug|x86.Build.0 = Debug|Win32
		{4A3605DE-CB9E-483E-8535-C2FD66B3AFCD}.Release|x64.ActiveCfg = Release|x64
		{4A3605DE-CB9E-483E-8535-C2FD66B3AFCD}.Release|x64.Build.0 = Release|x64
		{4A3605DE-CB9E-483E-8535-C2FD66B3AFCD}.Release|x86.ActiveCfg = Release|Win32
		{4A3605DE-CB9E-483E-8535-C2FD66B3AFCD}.Release|x86.Build.0 = Release|Win32
	EndGlobalSection
	GlobalSection(SolutionProperties) = preSolution
		HideSolutionNode = FALSE
	EndGlobalSection
	GlobalSection(ExtensibilityGlobals) = postSolution
		SolutionGuid = {38483A6D-A5B3-4F33-9B4B-74119BBD0362}
	EndGlobalSection
EndGlobal
